<?xml version="1.0" encoding="utf-8"?>
<Solution FileFormatVersion="1.0" xmlns="http://schemas.microsoft.com/developer/msbuild/2003">
  <Project Name="EksimSafeCopy.Core" Path="src\EksimSafeCopy.Core\EksimSafeCopy.Core.csproj" Guid="{11111111-1111-1111-1111-111111111111}" />
  <Project Name="EksimSafeCopy.DocumentEngine" Path="src\EksimSafeCopy.DocumentEngine\EksimSafeCopy.DocumentEngine.csproj" Guid="{22222222-2222-2222-2222-222222222222}" />
  <Project Name="EksimSafeCopy.Detectors" Path="src\EksimSafeCopy.Detectors\EksimSafeCopy.Detectors.csproj" Guid="{33333333-3333-3333-3333-333333333333}" />
  <Project Name="EksimSafeCopy.Ocr" Path="src\EksimSafeCopy.Ocr\EksimSafeCopy.Ocr.csproj" Guid="{44444444-4444-4444-4444-444444444444}" />
  <Project Name="EksimSafeCopy.Renderer" Path="src\EksimSafeCopy.Renderer\EksimSafeCopy.Renderer.csproj" Guid="{55555555-5555-5555-5555-555555555555}" />
  <Project Name="EksimSafeCopy.Infrastructure" Path="src\EksimSafeCopy.Infrastructure\EksimSafeCopy.Infrastructure.csproj" Guid="{66666666-6666-6666-6666-666666666666}" />
  <Project Name="EksimSafeCopy.App" Path="src\EksimSafeCopy.App\EksimSafeCopy.App.csproj" Guid="{77777777-7777-7777-7777-777777777777}" />
  <Project Name="EksimSafeCopy.Core.Tests" Path="tests\EksimSafeCopy.Core.Tests\EksimSafeCopy.Core.Tests.csproj" Guid="{88888888-8888-8888-8888-888888888888}" />
  <Project Name="EksimSafeCopy.DocumentEngine.Tests" Path="tests\EksimSafeCopy.DocumentEngine.Tests\EksimSafeCopy.DocumentEngine.Tests.csproj" Guid="{99999999-9999-9999-9999-999999999999}" />
  <Project Name="EksimSafeCopy.Detectors.Tests" Path="tests\EksimSafeCopy.Detectors.Tests\EksimSafeCopy.Detectors.Tests.csproj" Guid="{AAAAAAAA-AAAA-AAAA-AAAA-AAAAAAAAAAAA}" />
  <Project Name="EksimSafeCopy.Ocr.Tests" Path="tests\EksimSafeCopy.Ocr.Tests\EksimSafeCopy.Ocr.Tests.csproj" Guid="{BBBBBBBB-BBBB-BBBB-BBBB-BBBBBBBBBBBB}" />
  <Project Name="EksimSafeCopy.Renderer.Tests" Path="tests\EksimSafeCopy.Renderer.Tests\EksimSafeCopy.Renderer.Tests.csproj" Guid="{CCCCCCCC-CCCC-CCCC-CCCC-CCCCCCCCCCCC}" />
  <Project Name="EksimSafeCopy.Security.Tests" Path="tests\EksimSafeCopy.Security.Tests\EksimSafeCopy.Security.Tests.csproj" Guid="{DDDDDDDD-DDDD-DDDD-DDDD-DDDDDDDDDDDD}" />
  <Project Name="EksimSafeCopy.App.Tests" Path="tests\EksimSafeCopy.App.Tests\EksimSafeCopy.App.Tests.csproj" Guid="{EEEEEEEE-EEEE-EEEE-EEEE-EEEEEEEEEEEE}" />
</Solution>